// !$*UTF8*$!
{
	archiveVersion = 1;
	classes = {
	};
	objectVersion = 46;
	objects = {

/* Begin PBXBuildFile section */
		1D3623260D0F684500981E51 /* PyphonAppDelegate.m in Sources */ = {isa = PBXBuildFile; fileRef = 1D3623250D0F684500981E51 /* PyphonAppDelegate.m */; };
		1D60589B0D05DD56006BFB54 /* main.m in Sources */ = {isa = PBXBuildFile; fileRef = 29B97316FDCFA39411CA2CEA /* main.m */; };
		1D60589F0D05DD5A006BFB54 /* Foundation.framework in Frameworks */ = {isa = PBXBuildFile; fileRef = 1D30AB110D05D00D00671497 /* Foundation.framework */; };
		1DF5F4E00D08C38300B7A737 /* UIKit.framework in Frameworks */ = {isa = PBXBuildFile; fileRef = 1DF5F4DF0D08C38300B7A737 /* UIKit.framework */; };
		288765A50DF7441C002DB57D /* CoreGraphics.framework in Frameworks */ = {isa = PBXBuildFile; fileRef = 288765A40DF7441C002DB57D /* CoreGraphics.framework */; };
		2899E5220DE3E06400AC0155 /* PyphonViewController.xib in Resources */ = {isa = PBXBuildFile; fileRef = 2899E5210DE3E06400AC0155 /* PyphonViewController.xib */; };
		28AD733F0D9D9553002E5188 /* MainWindow.xib in Resources */ = {isa = PBXBuildFile; fileRef = 28AD733E0D9D9553002E5188 /* MainWindow.xib */; };
		28D7ACF80DDB3853001CB0EB /* PyphonViewController.m in Sources */ = {isa = PBXBuildFile; fileRef = 28D7ACF70DDB3853001CB0EB /* PyphonViewController.m */; };
		932AF78812F3935D00054067 /* builtins.py in Resources */ = {isa = PBXBuildFile; fileRef = 932AF78712F3935D00054067 /* builtins.py */; };
		9338E42F12E360B40040049D /* Parser.m in Sources */ = {isa = PBXBuildFile; fileRef = 9338E42A12E360B40040049D /* Parser.m */; };
		9338E43012E360B40040049D /* Token.m in Sources */ = {isa = PBXBuildFile; fileRef = 9338E42C12E360B40040049D /* Token.m */; };
		9338E43112E360B40040049D /* AST.m in Sources */ = {isa = PBXBuildFile; fileRef = 9338E42E12E360B40040049D /* AST.m */; };
		9338E43612E361CE0040049D /* Runtime.m in Sources */ = {isa = PBXBuildFile; fileRef = 9338E43512E361CE0040049D /* Runtime.m */; };
		9338E4C412E36C900040049D /* README.md in Resources */ = {isa = PBXBuildFile; fileRef = 9338E4C312E36C900040049D /* README.md */; };
		9338E64D12E3ADBC0040049D /* Default.png in Resources */ = {isa = PBXBuildFile; fileRef = 9338E64C12E3ADBC0040049D /* Default.png */; };
		9338E65B12E3AEC50040049D /* Icon.png in Resources */ = {isa = PBXBuildFile; fileRef = 9338E65912E3AEC50040049D /* Icon.png */; };
		9338E65C12E3AEC50040049D /* Icon@2x.png in Resources */ = {isa = PBXBuildFile; fileRef = 9338E65A12E3AEC50040049D /* Icon@2x.png */; };
		936143AE12E7535700C169D1 /* Tester.m in Sources */ = {isa = PBXBuildFile; fileRef = 936143AD12E7535700C169D1 /* Tester.m */; };
		936143B012E7572B00C169D1 /* parsertests.py in Resources */ = {isa = PBXBuildFile; fileRef = 936143AF12E7572B00C169D1 /* parsertests.py */; };
		9370CF2F12E6122200C3F57D /* UIKit.framework in Frameworks */ = {isa = PBXBuildFile; fileRef = 1DF5F4DF0D08C38300B7A737 /* UIKit.framework */; };
		9370CF3012E6122200C3F57D /* Foundation.framework in Frameworks */ = {isa = PBXBuildFile; fileRef = 1D30AB110D05D00D00671497 /* Foundation.framework */; };
		9370CF3112E6122200C3F57D /* CoreGraphics.framework in Frameworks */ = {isa = PBXBuildFile; fileRef = 288765A40DF7441C002DB57D /* CoreGraphics.framework */; };
		9370CF3712E6122200C3F57D /* InfoPlist.strings in Resources */ = {isa = PBXBuildFile; fileRef = 9370CF3512E6122200C3F57D /* InfoPlist.strings */; };
		9370CF4212E612C800C3F57D /* ASTTests.m in Sources */ = {isa = PBXBuildFile; fileRef = 9370CF4112E612C800C3F57D /* ASTTests.m */; };
		9370CF4312E6131B00C3F57D /* Parser.m in Sources */ = {isa = PBXBuildFile; fileRef = 9338E42A12E360B40040049D /* Parser.m */; };
		9370CF4412E6131F00C3F57D /* Token.m in Sources */ = {isa = PBXBuildFile; fileRef = 9338E42C12E360B40040049D /* Token.m */; };
		9370CF4512E6132200C3F57D /* AST.m in Sources */ = {isa = PBXBuildFile; fileRef = 9338E42E12E360B40040049D /* AST.m */; };
		9370CF4612E6132500C3F57D /* Runtime.m in Sources */ = {isa = PBXBuildFile; fileRef = 9338E43512E361CE0040049D /* Runtime.m */; };
		93F51CBA12EA3DD600009090 /* button-highlight.png in Resources */ = {isa = PBXBuildFile; fileRef = 93F51CB812EA3DD600009090 /* button-highlight.png */; };
		93F51CBB12EA3DD600009090 /* button.png in Resources */ = {isa = PBXBuildFile; fileRef = 93F51CB912EA3DD600009090 /* button.png */; };
/* End PBXBuildFile section */

/* Begin PBXFileReference section */
		1D30AB110D05D00D00671497 /* Foundation.framework */ = {isa = PBXFileReference; lastKnownFileType = wrapper.framework; name = Foundation.framework; path = System/Library/Frameworks/Foundation.framework; sourceTree = SDKROOT; };
		1D3623240D0F684500981E51 /* PyphonAppDelegate.h */ = {isa = PBXFileReference; fileEncoding = 4; lastKnownFileType = sourcecode.c.h; path = PyphonAppDelegate.h; sourceTree = "<group>"; };
		1D3623250D0F684500981E51 /* PyphonAppDelegate.m */ = {isa = PBXFileReference; fileEncoding = 4; lastKnownFileType = sourcecode.c.objc; path = PyphonAppDelegate.m; sourceTree = "<group>"; };
		1D6058910D05DD3D006BFB54 /* Pyphon.app */ = {isa = PBXFileReference; explicitFileType = wrapper.application; includeInIndex = 0; path = Pyphon.app; sourceTree = BUILT_PRODUCTS_DIR; };
		1DF5F4DF0D08C38300B7A737 /* UIKit.framework */ = {isa = PBXFileReference; lastKnownFileType = wrapper.framework; name = UIKit.framework; path = System/Library/Frameworks/UIKit.framework; sourceTree = SDKROOT; };
		288765A40DF7441C002DB57D /* CoreGraphics.framework */ = {isa = PBXFileReference; lastKnownFileType = wrapper.framework; name = CoreGraphics.framework; path = System/Library/Frameworks/CoreGraphics.framework; sourceTree = SDKROOT; };
		2899E5210DE3E06400AC0155 /* PyphonViewController.xib */ = {isa = PBXFileReference; lastKnownFileType = file.xib; path = PyphonViewController.xib; sourceTree = "<group>"; };
		28AD733E0D9D9553002E5188 /* MainWindow.xib */ = {isa = PBXFileReference; lastKnownFileType = file.xib; path = MainWindow.xib; sourceTree = "<group>"; };
		28D7ACF60DDB3853001CB0EB /* PyphonViewController.h */ = {isa = PBXFileReference; fileEncoding = 4; lastKnownFileType = sourcecode.c.h; path = PyphonViewController.h; sourceTree = "<group>"; };
		28D7ACF70DDB3853001CB0EB /* PyphonViewController.m */ = {isa = PBXFileReference; fileEncoding = 4; lastKnownFileType = sourcecode.c.objc; path = PyphonViewController.m; sourceTree = "<group>"; };
		29B97316FDCFA39411CA2CEA /* main.m */ = {isa = PBXFileReference; fileEncoding = 4; lastKnownFileType = sourcecode.c.objc; path = main.m; sourceTree = "<group>"; };
		32CA4F630368D1EE00C91783 /* Pyphon_Prefix.pch */ = {isa = PBXFileReference; fileEncoding = 4; lastKnownFileType = sourcecode.c.h; path = Pyphon_Prefix.pch; sourceTree = "<group>"; };
		8D1107310486CEB800E47090 /* Pyphon-Info.plist */ = {isa = PBXFileReference; fileEncoding = 4; lastKnownFileType = text.plist.xml; path = "Pyphon-Info.plist"; plistStructureDefinitionIdentifier = "com.apple.xcode.plist.structure-definition.iphone.info-plist"; sourceTree = "<group>"; };
		932AF78712F3935D00054067 /* builtins.py */ = {isa = PBXFileReference; fileEncoding = 4; lastKnownFileType = text.script.python; path = builtins.py; sourceTree = "<group>"; };
		9338E42912E360B40040049D /* Parser.h */ = {isa = PBXFileReference; fileEncoding = 4; lastKnownFileType = sourcecode.c.h; path = Parser.h; sourceTree = "<group>"; };
		9338E42A12E360B40040049D /* Parser.m */ = {isa = PBXFileReference; fileEncoding = 4; lastKnownFileType = sourcecode.c.objc; path = Parser.m; sourceTree = "<group>"; };
		9338E42B12E360B40040049D /* Token.h */ = {isa = PBXFileReference; fileEncoding = 4; lastKnownFileType = sourcecode.c.h; path = Token.h; sourceTree = "<group>"; };
		9338E42C12E360B40040049D /* Token.m */ = {isa = PBXFileReference; fileEncoding = 4; lastKnownFileType = sourcecode.c.objc; path = Token.m; sourceTree = "<group>"; };
		9338E42D12E360B40040049D /* AST.h */ = {isa = PBXFileReference; fileEncoding = 4; lastKnownFileType = sourcecode.c.h; path = AST.h; sourceTree = "<group>"; };
		9338E42E12E360B40040049D /* AST.m */ = {isa = PBXFileReference; fileEncoding = 4; lastKnownFileType = sourcecode.c.objc; lineEnding = 0; path = AST.m; sourceTree = "<group>"; xcLanguageSpecificationIdentifier = xcode.lang.objc; };
		9338E43412E361CE0040049D /* Runtime.h */ = {isa = PBXFileReference; fileEncoding = 4; lastKnownFileType = sourcecode.c.h; lineEnding = 0; path = Runtime.h; sourceTree = "<group>"; xcLanguageSpecificationIdentifier = xcode.lang.objcpp; };
		9338E43512E361CE0040049D /* Runtime.m */ = {isa = PBXFileReference; fileEncoding = 4; lastKnownFileType = sourcecode.c.objc; lineEnding = 0; path = Runtime.m; sourceTree = "<group>"; xcLanguageSpecificationIdentifier = xcode.lang.objc; };
		9338E4C312E36C900040049D /* README.md */ = {isa = PBXFileReference; fileEncoding = 4; lastKnownFileType = text; path = README.md; sourceTree = "<group>"; };
		9338E64C12E3ADBC0040049D /* Default.png */ = {isa = PBXFileReference; lastKnownFileType = image.png; name = Default.png; path = ../Pyphon/Default.png; sourceTree = SOURCE_ROOT; };
		9338E65912E3AEC50040049D /* Icon.png */ = {isa = PBXFileReference; lastKnownFileType = image.png; name = Icon.png; path = ../Pyphon/Icon.png; sourceTree = SOURCE_ROOT; };
		9338E65A12E3AEC50040049D /* Icon@2x.png */ = {isa = PBXFileReference; lastKnownFileType = image.png; name = "Icon@2x.png"; path = "../Pyphon/Icon@2x.png"; sourceTree = SOURCE_ROOT; };
		936143AC12E7535700C169D1 /* Tester.h */ = {isa = PBXFileReference; fileEncoding = 4; lastKnownFileType = sourcecode.c.h; path = Tester.h; sourceTree = "<group>"; };
		936143AD12E7535700C169D1 /* Tester.m */ = {isa = PBXFileReference; fileEncoding = 4; lastKnownFileType = sourcecode.c.objc; path = Tester.m; sourceTree = "<group>"; };
		936143AF12E7572B00C169D1 /* parsertests.py */ = {isa = PBXFileReference; fileEncoding = 4; lastKnownFileType = text.script.python; path = parsertests.py; sourceTree = "<group>"; };
		9370CF2E12E6122200C3F57D /* PyphonTests.octest */ = {isa = PBXFileReference; explicitFileType = wrapper.cfbundle; includeInIndex = 0; path = PyphonTests.octest; sourceTree = BUILT_PRODUCTS_DIR; };
		9370CF3412E6122200C3F57D /* PyphonTests-Info.plist */ = {isa = PBXFileReference; lastKnownFileType = text.plist.xml; path = "PyphonTests-Info.plist"; sourceTree = "<group>"; };
		9370CF3612E6122200C3F57D /* en */ = {isa = PBXFileReference; lastKnownFileType = text.plist.strings; name = en; path = en.lproj/InfoPlist.strings; sourceTree = "<group>"; };
		9370CF3812E6122200C3F57D /* PyphonTests-Prefix.pch */ = {isa = PBXFileReference; lastKnownFileType = sourcecode.c.h; path = "PyphonTests-Prefix.pch"; sourceTree = "<group>"; };
		9370CF4012E612C800C3F57D /* ASTTests.h */ = {isa = PBXFileReference; fileEncoding = 4; lastKnownFileType = sourcecode.c.h; path = ASTTests.h; sourceTree = "<group>"; };
		9370CF4112E612C800C3F57D /* ASTTests.m */ = {isa = PBXFileReference; fileEncoding = 4; lastKnownFileType = sourcecode.c.objc; path = ASTTests.m; sourceTree = "<group>"; };
		93F51CB812EA3DD600009090 /* button-highlight.png */ = {isa = PBXFileReference; lastKnownFileType = image.png; path = "button-highlight.png"; sourceTree = "<group>"; };
		93F51CB912EA3DD600009090 /* button.png */ = {isa = PBXFileReference; lastKnownFileType = image.png; path = button.png; sourceTree = "<group>"; };
/* End PBXFileReference section */

/* Begin PBXFrameworksBuildPhase section */
		1D60588F0D05DD3D006BFB54 /* Frameworks */ = {
			isa = PBXFrameworksBuildPhase;
			buildActionMask = 2147483647;
			files = (
				1D60589F0D05DD5A006BFB54 /* Foundation.framework in Frameworks */,
				1DF5F4E00D08C38300B7A737 /* UIKit.framework in Frameworks */,
				288765A50DF7441C002DB57D /* CoreGraphics.framework in Frameworks */,
			);
			runOnlyForDeploymentPostprocessing = 0;
		};
		9370CF2A12E6122200C3F57D /* Frameworks */ = {
			isa = PBXFrameworksBuildPhase;
			buildActionMask = 2147483647;
			files = (
				9370CF2F12E6122200C3F57D /* UIKit.framework in Frameworks */,
				9370CF3012E6122200C3F57D /* Foundation.framework in Frameworks */,
				9370CF3112E6122200C3F57D /* CoreGraphics.framework in Frameworks */,
			);
			runOnlyForDeploymentPostprocessing = 0;
		};
/* End PBXFrameworksBuildPhase section */

/* Begin PBXGroup section */
		080E96DDFE201D6D7F000001 /* Classes */ = {
			isa = PBXGroup;
			children = (
				9338E3F012E35BA60040049D /* App */,
				9338E3F312E35BAD0040049D /* Pyphon */,
			);
			path = Classes;
			sourceTree = "<group>";
		};
		19C28FACFE9D520D11CA2CBB /* Products */ = {
			isa = PBXGroup;
			children = (
				1D6058910D05DD3D006BFB54 /* Pyphon.app */,
				9370CF2E12E6122200C3F57D /* PyphonTests.octest */,
			);
			name = Products;
			sourceTree = "<group>";
		};
		29B97314FDCFA39411CA2CEA /* CustomTemplate */ = {
			isa = PBXGroup;
			children = (
				080E96DDFE201D6D7F000001 /* Classes */,
				29B97315FDCFA39411CA2CEA /* Other Sources */,
				29B97317FDCFA39411CA2CEA /* Resources */,
				9370CF3212E6122200C3F57D /* PyphonTests */,
				29B97323FDCFA39411CA2CEA /* Frameworks */,
				19C28FACFE9D520D11CA2CBB /* Products */,
			);
			name = CustomTemplate;
			sourceTree = "<group>";
		};
		29B97315FDCFA39411CA2CEA /* Other Sources */ = {
			isa = PBXGroup;
			children = (
				9338E4C312E36C900040049D /* README.md */,
				32CA4F630368D1EE00C91783 /* Pyphon_Prefix.pch */,
				29B97316FDCFA39411CA2CEA /* main.m */,
			);
			name = "Other Sources";
			sourceTree = "<group>";
		};
		29B97317FDCFA39411CA2CEA /* Resources */ = {
			isa = PBXGroup;
			children = (
				93F51CB812EA3DD600009090 /* button-highlight.png */,
				93F51CB912EA3DD600009090 /* button.png */,
				9338E65912E3AEC50040049D /* Icon.png */,
				9338E65A12E3AEC50040049D /* Icon@2x.png */,
				9338E64C12E3ADBC0040049D /* Default.png */,
				2899E5210DE3E06400AC0155 /* PyphonViewController.xib */,
				28AD733E0D9D9553002E5188 /* MainWindow.xib */,
				8D1107310486CEB800E47090 /* Pyphon-Info.plist */,
				936143AF12E7572B00C169D1 /* parsertests.py */,
				932AF78712F3935D00054067 /* builtins.py */,
			);
			name = Resources;
			sourceTree = "<group>";
		};
		29B97323FDCFA39411CA2CEA /* Frameworks */ = {
			isa = PBXGroup;
			children = (
				1DF5F4DF0D08C38300B7A737 /* UIKit.framework */,
				1D30AB110D05D00D00671497 /* Foundation.framework */,
				288765A40DF7441C002DB57D /* CoreGraphics.framework */,
			);
			name = Frameworks;
			sourceTree = "<group>";
		};
		9338E3F012E35BA60040049D /* App */ = {
			isa = PBXGroup;
			children = (
				1D3623240D0F684500981E51 /* PyphonAppDelegate.h */,
				1D3623250D0F684500981E51 /* PyphonAppDelegate.m */,
				28D7ACF60DDB3853001CB0EB /* PyphonViewController.h */,
				28D7ACF70DDB3853001CB0EB /* PyphonViewController.m */,
			);
			name = App;
			sourceTree = "<group>";
		};
		9338E3F312E35BAD0040049D /* Pyphon */ = {
			isa = PBXGroup;
			children = (
				9338E42912E360B40040049D /* Parser.h */,
				9338E42A12E360B40040049D /* Parser.m */,
				9338E42B12E360B40040049D /* Token.h */,
				9338E42C12E360B40040049D /* Token.m */,
				9338E42D12E360B40040049D /* AST.h */,
				9338E42E12E360B40040049D /* AST.m */,
				9338E43412E361CE0040049D /* Runtime.h */,
				9338E43512E361CE0040049D /* Runtime.m */,
				936143AC12E7535700C169D1 /* Tester.h */,
				936143AD12E7535700C169D1 /* Tester.m */,
			);
			name = Pyphon;
			sourceTree = "<group>";
		};
		9370CF3212E6122200C3F57D /* PyphonTests */ = {
			isa = PBXGroup;
			children = (
				9370CF4012E612C800C3F57D /* ASTTests.h */,
				9370CF4112E612C800C3F57D /* ASTTests.m */,
				9370CF3312E6122200C3F57D /* Supporting Files */,
			);
			path = PyphonTests;
			sourceTree = "<group>";
		};
		9370CF3312E6122200C3F57D /* Supporting Files */ = {
			isa = PBXGroup;
			children = (
				9370CF3412E6122200C3F57D /* PyphonTests-Info.plist */,
				9370CF3512E6122200C3F57D /* InfoPlist.strings */,
				9370CF3812E6122200C3F57D /* PyphonTests-Prefix.pch */,
			);
			name = "Supporting Files";
			sourceTree = "<group>";
		};
/* End PBXGroup section */

/* Begin PBXNativeTarget section */
		1D6058900D05DD3D006BFB54 /* Pyphon */ = {
			isa = PBXNativeTarget;
			buildConfigurationList = 1D6058960D05DD3E006BFB54 /* Build configuration list for PBXNativeTarget "Pyphon" */;
			buildPhases = (
				1D60588D0D05DD3D006BFB54 /* Resources */,
				1D60588E0D05DD3D006BFB54 /* Sources */,
				1D60588F0D05DD3D006BFB54 /* Frameworks */,
			);
			buildRules = (
			);
			dependencies = (
			);
			name = Pyphon;
			productName = Pyphon;
			productReference = 1D6058910D05DD3D006BFB54 /* Pyphon.app */;
			productType = "com.apple.product-type.application";
		};
		9370CF2D12E6122200C3F57D /* PyphonTests */ = {
			isa = PBXNativeTarget;
			buildConfigurationList = 9370CF3F12E6122200C3F57D /* Build configuration list for PBXNativeTarget "PyphonTests" */;
			buildPhases = (
				9370CF2912E6122200C3F57D /* Sources */,
				9370CF2A12E6122200C3F57D /* Frameworks */,
				9370CF2B12E6122200C3F57D /* Resources */,
				9370CF2C12E6122200C3F57D /* ShellScript */,
			);
			buildRules = (
			);
			dependencies = (
			);
			name = PyphonTests;
			productName = PyphonTests;
			productReference = 9370CF2E12E6122200C3F57D /* PyphonTests.octest */;
			productType = "com.apple.product-type.bundle";
		};
/* End PBXNativeTarget section */

/* Begin PBXProject section */
		29B97313FDCFA39411CA2CEA /* Project object */ = {
			isa = PBXProject;
			attributes = {
				LastUpgradeCheck = 0420;
				ORGANIZATIONNAME = I.C.N.H;
			};
			buildConfigurationList = C01FCF4E08A954540054247B /* Build configuration list for PBXProject "Pyphon" */;
			compatibilityVersion = "Xcode 3.2";
			developmentRegion = English;
			hasScannedForEncodings = 1;
			knownRegions = (
				English,
				Japanese,
				French,
				German,
				en,
			);
			mainGroup = 29B97314FDCFA39411CA2CEA /* CustomTemplate */;
			projectDirPath = "";
			projectRoot = "";
			targets = (
				1D6058900D05DD3D006BFB54 /* Pyphon */,
				9370CF2D12E6122200C3F57D /* PyphonTests */,
			);
		};
/* End PBXProject section */

/* Begin PBXResourcesBuildPhase section */
		1D60588D0D05DD3D006BFB54 /* Resources */ = {
			isa = PBXResourcesBuildPhase;
			buildActionMask = 2147483647;
			files = (
				28AD733F0D9D9553002E5188 /* MainWindow.xib in Resources */,
				2899E5220DE3E06400AC0155 /* PyphonViewController.xib in Resources */,
				9338E4C412E36C900040049D /* README.md in Resources */,
				9338E64D12E3ADBC0040049D /* Default.png in Resources */,
				9338E65B12E3AEC50040049D /* Icon.png in Resources */,
				9338E65C12E3AEC50040049D /* Icon@2x.png in Resources */,
				936143B012E7572B00C169D1 /* parsertests.py in Resources */,
				93F51CBA12EA3DD600009090 /* button-highlight.png in Resources */,
				93F51CBB12EA3DD600009090 /* button.png in Resources */,
				932AF78812F3935D00054067 /* builtins.py in Resources */,
			);
			runOnlyForDeploymentPostprocessing = 0;
		};
		9370CF2B12E6122200C3F57D /* Resources */ = {
			isa = PBXResourcesBuildPhase;
			buildActionMask = 2147483647;
			files = (
				9370CF3712E6122200C3F57D /* InfoPlist.strings in Resources */,
			);
			runOnlyForDeploymentPostprocessing = 0;
		};
/* End PBXResourcesBuildPhase section */

/* Begin PBXShellScriptBuildPhase section */
		9370CF2C12E6122200C3F57D /* ShellScript */ = {
			isa = PBXShellScriptBuildPhase;
			buildActionMask = 2147483647;
			files = (
			);
			inputPaths = (
			);
			outputPaths = (
			);
			runOnlyForDeploymentPostprocessing = 0;
			shellPath = /bin/sh;
			shellScript = "# Run the unit tests in this test bundle.\n\"${SYSTEM_DEVELOPER_DIR}/Tools/RunUnitTests\"\n";
		};
/* End PBXShellScriptBuildPhase section */

/* Begin PBXSourcesBuildPhase section */
		1D60588E0D05DD3D006BFB54 /* Sources */ = {
			isa = PBXSourcesBuildPhase;
			buildActionMask = 2147483647;
			files = (
				1D60589B0D05DD56006BFB54 /* main.m in Sources */,
				1D3623260D0F684500981E51 /* PyphonAppDelegate.m in Sources */,
				28D7ACF80DDB3853001CB0EB /* PyphonViewController.m in Sources */,
				9338E42F12E360B40040049D /* Parser.m in Sources */,
				9338E43012E360B40040049D /* Token.m in Sources */,
				9338E43112E360B40040049D /* AST.m in Sources */,
				9338E43612E361CE0040049D /* Runtime.m in Sources */,
				936143AE12E7535700C169D1 /* Tester.m in Sources */,
			);
			runOnlyForDeploymentPostprocessing = 0;
		};
		9370CF2912E6122200C3F57D /* Sources */ = {
			isa = PBXSourcesBuildPhase;
			buildActionMask = 2147483647;
			files = (
				9370CF4212E612C800C3F57D /* ASTTests.m in Sources */,
				9370CF4312E6131B00C3F57D /* Parser.m in Sources */,
				9370CF4412E6131F00C3F57D /* Token.m in Sources */,
				9370CF4512E6132200C3F57D /* AST.m in Sources */,
				9370CF4612E6132500C3F57D /* Runtime.m in Sources */,
			);
			runOnlyForDeploymentPostprocessing = 0;
		};
/* End PBXSourcesBuildPhase section */

/* Begin PBXVariantGroup section */
		9370CF3512E6122200C3F57D /* InfoPlist.strings */ = {
			isa = PBXVariantGroup;
			children = (
				9370CF3612E6122200C3F57D /* en */,
			);
			name = InfoPlist.strings;
			sourceTree = "<group>";
		};
/* End PBXVariantGroup section */

/* Begin XCBuildConfiguration section */
		1D6058940D05DD3E006BFB54 /* Debug */ = {
			isa = XCBuildConfiguration;
			buildSettings = {
				ALWAYS_SEARCH_USER_PATHS = NO;
				CLANG_ENABLE_OBJC_ARC = YES;
				COPY_PHASE_STRIP = NO;
				FRAMEWORK_SEARCH_PATHS = "";
				GCC_DYNAMIC_NO_PIC = NO;
				GCC_OPTIMIZATION_LEVEL = 0;
				GCC_PRECOMPILE_PREFIX_HEADER = YES;
				GCC_PREFIX_HEADER = Pyphon_Prefix.pch;
				GCC_VERSION = com.apple.compilers.llvm.clang.1_0;
				INFOPLIST_FILE = "Pyphon-Info.plist";
				OTHER_LDFLAGS = "";
				PRODUCT_NAME = Pyphon;
			};
			name = Debug;
		};
		1D6058950D05DD3E006BFB54 /* Release */ = {
			isa = XCBuildConfiguration;
			buildSettings = {
				ALWAYS_SEARCH_USER_PATHS = NO;
				CLANG_ENABLE_OBJC_ARC = YES;
				COPY_PHASE_STRIP = YES;
				FRAMEWORK_SEARCH_PATHS = "";
				GCC_PRECOMPILE_PREFIX_HEADER = YES;
				GCC_PREFIX_HEADER = Pyphon_Prefix.pch;
				GCC_VERSION = com.apple.compilers.llvm.clang.1_0;
				INFOPLIST_FILE = "Pyphon-Info.plist";
				OTHER_LDFLAGS = "";
				PRODUCT_NAME = Pyphon;
				VALIDATE_PRODUCT = YES;
			};
			name = Release;
		};
		9370CF3D12E6122200C3F57D /* Debug */ = {
			isa = XCBuildConfiguration;
			buildSettings = {
				ALWAYS_SEARCH_USER_PATHS = NO;
				FRAMEWORK_SEARCH_PATHS = (
					"$(SDKROOT)/Developer/Library/Frameworks",
					"$(DEVELOPER_LIBRARY_DIR)/Frameworks",
				);
				GCC_C_LANGUAGE_STANDARD = gnu99;
				GCC_OPTIMIZATION_LEVEL = 0;
				GCC_PRECOMPILE_PREFIX_HEADER = YES;
				GCC_PREFIX_HEADER = "PyphonTests/PyphonTests-Prefix.pch";
				GCC_PREPROCESSOR_DEFINITIONS = DEBUG;
				GCC_VERSION = com.apple.compilers.llvm.clang.1_0;
				INFOPLIST_FILE = "PyphonTests/PyphonTests-Info.plist";
				IPHONEOS_DEPLOYMENT_TARGET = 4.2;
				OTHER_LDFLAGS = (
					"-framework",
					SenTestingKit,
				);
				PRODUCT_NAME = "$(TARGET_NAME)";
				TEST_AFTER_BUILD = YES;
				WRAPPER_EXTENSION = octest;
			};
			name = Debug;
		};
		9370CF3E12E6122200C3F57D /* Release */ = {
			isa = XCBuildConfiguration;
			buildSettings = {
				ALWAYS_SEARCH_USER_PATHS = NO;
				FRAMEWORK_SEARCH_PATHS = (
					"$(SDKROOT)/Developer/Library/Frameworks",
					"$(DEVELOPER_LIBRARY_DIR)/Frameworks",
				);
				GCC_C_LANGUAGE_STANDARD = gnu99;
				GCC_PRECOMPILE_PREFIX_HEADER = YES;
				GCC_PREFIX_HEADER = "PyphonTests/PyphonTests-Prefix.pch";
				GCC_VERSION = com.apple.compilers.llvm.clang.1_0;
				INFOPLIST_FILE = "PyphonTests/PyphonTests-Info.plist";
				IPHONEOS_DEPLOYMENT_TARGET = 4.2;
				OTHER_LDFLAGS = (
					"-framework",
					SenTestingKit,
				);
				PRODUCT_NAME = "$(TARGET_NAME)";
				TEST_AFTER_BUILD = YES;
				WRAPPER_EXTENSION = octest;
			};
			name = Release;
		};
		C01FCF4F08A954540054247B /* Debug */ = {
			isa = XCBuildConfiguration;
			buildSettings = {
				ARCHS = "$(ARCHS_STANDARD_32_BIT)";
				CLANG_ENABLE_OBJC_ARC = YES;
				"CODE_SIGN_IDENTITY[sdk=iphoneos*]" = "iPhone Developer";
				GCC_C_LANGUAGE_STANDARD = c99;
				GCC_WARN_ABOUT_RETURN_TYPE = YES;
				GCC_WARN_UNUSED_VARIABLE = YES;
				SDKROOT = iphoneos;
			};
			name = Debug;
		};
		C01FCF5008A954540054247B /* Release */ = {
			isa = XCBuildConfiguration;
			buildSettings = {
				ARCHS = "$(ARCHS_STANDARD_32_BIT)";
				CLANG_ENABLE_OBJC_ARC = YES;
				"CODE_SIGN_IDENTITY[sdk=iphoneos*]" = "iPhone Developer";
				GCC_C_LANGUAGE_STANDARD = c99;
				GCC_WARN_ABOUT_RETURN_TYPE = YES;
				GCC_WARN_UNUSED_VARIABLE = YES;
				OTHER_CFLAGS = "-DNS_BLOCK_ASSERTIONS=1";
				SDKROOT = iphoneos;
			};
			name = Release;
		};
/* End XCBuildConfiguration section */

/* Begin XCConfigurationList section */
		1D6058960D05DD3E006BFB54 /* Build configuration list for PBXNativeTarget "Pyphon" */ = {
			isa = XCConfigurationList;
			buildConfigurations = (
				1D6058940D05DD3E006BFB54 /* Debug */,
				1D6058950D05DD3E006BFB54 /* Release */,
			);
			defaultConfigurationIsVisible = 0;
			defaultConfigurationName = Release;
		};
		9370CF3F12E6122200C3F57D /* Build configuration list for PBXNativeTarget "PyphonTests" */ = {
			isa = XCConfigurationList;
			buildConfigurations = (
				9370CF3D12E6122200C3F57D /* Debug */,
				9370CF3E12E6122200C3F57D /* Release */,
			);
			defaultConfigurationIsVisible = 0;
			defaultConfigurationName = Release;
		};
		C01FCF4E08A954540054247B /* Build configuration list for PBXProject "Pyphon" */ = {
			isa = XCConfigurationList;
			buildConfigurations = (
				C01FCF4F08A954540054247B /* Debug */,
				C01FCF5008A954540054247B /* Release */,
			);
			defaultConfigurationIsVisible = 0;
			defaultConfigurationName = Release;
		};
/* End XCConfigurationList section */
	};
	rootObject = 29B97313FDCFA39411CA2CEA /* Project object */;
}
